
Microsoft Visual Studio Solution File, Format Version 12.00
# Visual Studio Version 16
VisualStudioVersion = 16.0.32126.315
MinimumVisualStudioVersion = 10.0.40219.1
Project("{FAE04EC0-301F-11D3-BF4B-00C04F79EFBC}") = "KutuphaneOtomasyonu", "KutuphaneOtomasyonu\KutuphaneOtomasyonu.csproj", "{1D55CFD3-2290-47D3-8CA2-F8DBCC160E49}"
EndProject
Global
	GlobalSection(SolutionConfigurationPlatforms) = preSolution
		Debug|Any CPU = Debug|Any CPU
		Release|Any CPU = Release|Any CPU
	EndGlobalSection
	GlobalSection(ProjectConfigurationPlatforms) = postSolution
		{1D55CFD3-2290-47D3-8CA2-F8DBCC160E49}.Debug|Any CPU.ActiveCfg = Debug|Any CPU
		{1D55CFD3-2290-47D3-8CA2-F8DBCC160E49}.Debug|Any CPU.Build.0 = Debug|Any CPU
		{1D55CFD3-2290-47D3-8CA2-F8DBCC160E49}.Release|Any CPU.ActiveCfg = Release|Any CPU
		{1D55CFD3-2290-47D3-8CA2-F8DBCC160E49}.Release|Any CPU.Build.0 = Release|Any CPU
	EndGlobalSection
	GlobalSection(SolutionProperties) = preSolution
		HideSolutionNode = FALSE
	EndGlobalSection
	GlobalSection(ExtensibilityGlobals) = postSolution
		SolutionGuid = {6491D66A-8BA0-425E-933F-4D14A6E54491}
	EndGlobalSection
EndGlobal
